
Microsoft Visual Studio Solution File, Format Version 12.00
# Visual Studio Version 16
VisualStudioVersion = 16.0.30907.101
MinimumVisualStudioVersion = 10.0.40219.1
Project("{FAE04EC0-301F-11D3-BF4B-00C04F79EFBC}") = "MethodOverloadingExercise", "MethodOverloadingExercise.csproj", "{2C151ADD-B5BD-476D-8345-9685FD9BDAB5}"
EndProject
Global
	GlobalSection(SolutionConfigurationPlatforms) = preSolution
		Debug|Any CPU = Debug|Any CPU
		Release|Any CPU = Release|Any CPU
	EndGlobalSection
	GlobalSection(ProjectConfigurationPlatforms) = postSolution
		{2C151ADD-B5BD-476D-8345-9685FD9BDAB5}.Debug|Any CPU.ActiveCfg = Debug|Any CPU
		{2C151ADD-B5BD-476D-8345-9685FD9BDAB5}.Debug|Any CPU.Build.0 = Debug|Any CPU
		{2C151ADD-B5BD-476D-8345-9685FD9BDAB5}.Release|Any CPU.ActiveCfg = Release|Any CPU
		{2C151ADD-B5BD-476D-8345-9685FD9BDAB5}.Release|Any CPU.Build.0 = Release|Any CPU
	EndGlobalSection
	GlobalSection(SolutionProperties) = preSolution
		HideSolutionNode = FALSE
	EndGlobalSection
	GlobalSection(ExtensibilityGlobals) = postSolution
		SolutionGuid = {A41EC888-0ED0-4FCE-B78A-0E5320E76632}
	EndGlobalSection
EndGlobal
